lockfileVersion: '9.0'

settings:
  autoInstallPeers: true
  excludeLinksFromLockfile: false

importers:

  .:
    dependencies:
      '@snowplow/browser-tracker-core':
        specifier: ~4.6.9
        version: 4.6.9
      '@snowplow/tracker-core':
        specifier: ~4.6.9
        version: 4.6.9

packages:

  '@snowplow/browser-tracker-core@4.6.9':
    resolution: {integrity: sha512-KyW/zU7Isb49/2XcliwTb7yOZvowHXBfdlODiEOGXWn9QcWyAEawqETh/gZJua/+lg+9d6zp2F9bqkKPpwtpKg==}

  '@snowplow/tracker-core@4.6.9':
    resolution: {integrity: sha512-ybKK3t7pd+JwX9BA+DeiuyzbOgE0RpbzhTpPwHvIom+gAQUYCZpyECxFT5FBLrdZtGeWdIaoY93JXneDNfVGLg==}

  charenc@0.0.2:
    resolution: {integrity: sha512-yrLQ/yVUFXkzg7EDQsPieE/53+0RlaWTs+wBrvW36cyilJ2SaDWfl4Yj7MtLTXleV9uEKefbAGUPv2/iWSooRA==}

  crypt@0.0.2:
    resolution: {integrity: sha512-mCxBlsHFYh9C+HVpiEacem8FEBnMXgU9gy4zmNC+SXAZNB/1idgp/aulFJ4FgCi7GPEVbfyng092GqL2k2rmow==}

  sha1@1.1.1:
    resolution: {integrity: sha512-dZBS6OrMjtgVkopB1Gmo4RQCDKiZsqcpAQpkV/aaj+FCrCg8r4I4qMkDPQjBgLIxlmu9k4nUbWq6ohXahOneYA==}

  tslib@2.8.1:
    resolution: {integrity: sha512-oJFu94HQb+KVduSUQL7wnpmqnfmLsOA/nAh6b6EH0wCEoK0/mPeXU6c3wKDV83MkOuHPRHtSXKKU99IBazS/2w==}

  uuid@10.0.0:
    resolution: {integrity: sha512-8XkAphELsDnEGrDxUOHB3RGvXz6TeuYSGEZBOjtTtPm2lwhGBjLgOzLHB63IUWfBpNucQjND6d3AOudO+H3RWQ==}
    hasBin: true

snapshots:

  '@snowplow/browser-tracker-core@4.6.9':
    dependencies:
      '@snowplow/tracker-core': 4.6.9
      sha1: 1.1.1
      tslib: 2.8.1
      uuid: 10.0.0

  '@snowplow/tracker-core@4.6.9':
    dependencies:
      tslib: 2.8.1
      uuid: 10.0.0

  charenc@0.0.2: {}

  crypt@0.0.2: {}

  sha1@1.1.1:
    dependencies:
      charenc: 0.0.2
      crypt: 0.0.2

  tslib@2.8.1: {}

  uuid@10.0.0: {}
